lockVersion: 2.0.0
id: 9be05c83-ec98-425d-bcc6-dbd059ba623e
management:
  docChecksum: 733a26af4399c14a0f67066f01f13870
  docVersion: 1.0.0
  speakeasyVersion: 1.763.4
  generationVersion: 2.884.11
  releaseVersion: 0.1.1
  configChecksum: 93541c51fd7a5b83505f5466a236fc7b
features:
  python:
    additionalDependencies: 1.0.0
    configurableModuleName: 0.2.0
    core: 6.0.22
    defaultEnabledRetries: 0.2.0
    envVarSecurityUsage: 0.3.3
    globalSecurityCallbacks: 1.0.0
    globalServerURLs: 3.2.1
    methodArguments: 1.0.2
    responseFormat: 1.1.0
    retries: 3.0.5
    sdkHooks: 1.2.1
trackedFiles:
  .gitattributes:
    last_write_checksum: sha1:53134de3ada576f37c22276901e1b5b6d85cd2da
  .vscode/settings.json:
    last_write_checksum: sha1:f84632c81029fcdda8c3b0c768d02b836fc80526
  USAGE.md:
    last_write_checksum: sha1:80e21784c10b1e7606368b5f8aa5c77c1b6e1074
  docs/models/gethelloresponsebody.md:
    last_write_checksum: sha1:38f66babc9be86d97c7f9b80de5e00861410b637
  docs/models/utils/retryconfig.md:
    last_write_checksum: sha1:562c0f21e308ad10c27f85f75704c15592c6929d
  docs/sdks/mysdk/README.md:
    last_write_checksum: sha1:692d1a84b2002b58ea36b6e8139103638df164d8
  py.typed:
    last_write_checksum: sha1:8efc425ffe830805ffcc0f3055871bdcdc542c60
  pylintrc:
    last_write_checksum: sha1:35cbd4f716dea20801871e7752bf6b72a5cb3827
  pyproject.toml:
    last_write_checksum: sha1:df7a8d3f183fb32393dffa9d3747e8be5b4e9318
  scripts/publish.sh:
    last_write_checksum: sha1:adc9b741c12ad1591ab4870eabe20f0d0a86cd1a
  src/my_sdk/__init__.py:
    last_write_checksum: sha1:da077c0bdfcef64a4a5aea91a17292f72fa2b088
  src/my_sdk/_hooks/__init__.py:
    last_write_checksum: sha1:45a380490e968d8d95994dd97554ac60eeb6ae60
  src/my_sdk/_hooks/sdkhooks.py:
    last_write_checksum: sha1:a0e9e86b7d6b4b8ef720948a5f140019a36363ec
  src/my_sdk/_hooks/types.py:
    last_write_checksum: sha1:0064d36b27e0258ae6a530668fe13817e3adb571
  src/my_sdk/_version.py:
    last_write_checksum: sha1:2044cdf31dd5ebdc713acf7687b46c2fd488b407
  src/my_sdk/basesdk.py:
    last_write_checksum: sha1:5b4ba4fa6215fa28b237940ecc0c0e1b1cf2d44d
  src/my_sdk/errors/__init__.py:
    last_write_checksum: sha1:5b37330bbf4c834b6633029ef0ee219dfb387f2c
  src/my_sdk/errors/mysdkdefaulterror.py:
    last_write_checksum: sha1:4eae0d9ec9abe2d50c2357c18cbb9041cc33e8b7
  src/my_sdk/errors/mysdkerror.py:
    last_write_checksum: sha1:bfea71f3dee94a47c8fa0cb8d59852dfbf9121aa
  src/my_sdk/errors/no_response_error.py:
    last_write_checksum: sha1:7f326424a7d5ae1bcd5c89a0d6b3dbda9138942f
  src/my_sdk/errors/responsevalidationerror.py:
    last_write_checksum: sha1:96c3ff6e20496194ab249e8db02be55a193e72a6
  src/my_sdk/httpclient.py:
    last_write_checksum: sha1:5e55338d6ee9f01ab648cad4380201a8a3da7dd7
  src/my_sdk/models/__init__.py:
    last_write_checksum: sha1:9243bcbd57943edbc7cbb98d5bf94c55d81860cb
  src/my_sdk/models/gethelloop.py:
    last_write_checksum: sha1:0a52df31a27bb6d0e79a58420ac7806ebee0d7eb
  src/my_sdk/py.typed:
    last_write_checksum: sha1:8efc425ffe830805ffcc0f3055871bdcdc542c60
  src/my_sdk/sdk.py:
    last_write_checksum: sha1:7f80ccf6e7182f38586744038870386bb7ca7062
  src/my_sdk/sdkconfiguration.py:
    last_write_checksum: sha1:ac3d8a33837d46bf6b272fc9cb21115f7e3789bb
  src/my_sdk/types/__init__.py:
    last_write_checksum: sha1:140ebdd01a46f92ffc710c52c958c4eba3cf68ed
  src/my_sdk/types/basemodel.py:
    last_write_checksum: sha1:10d84aedeb9d35edfdadf2c3020caa1d24d8b584
  src/my_sdk/utils/__init__.py:
    last_write_checksum: sha1:1970816f2234ecb8785798240b0edced961de971
  src/my_sdk/utils/annotations.py:
    last_write_checksum: sha1:a4824ad65f730303e4e1e3ec1febf87b4eb46dbc
  src/my_sdk/utils/datetimes.py:
    last_write_checksum: sha1:c721e4123000e7dc61ec52b28a739439d9e17341
  src/my_sdk/utils/dynamic_imports.py:
    last_write_checksum: sha1:a1940c63feb8eddfd8026de53384baf5056d5dcc
  src/my_sdk/utils/enums.py:
    last_write_checksum: sha1:bc8c3c1285ae09ba8a094ee5c3d9c7f41fa1284d
  src/my_sdk/utils/eventstreaming.py:
    last_write_checksum: sha1:620d78a8b4e3b854e08d136e02e40a01a786bd70
  src/my_sdk/utils/forms.py:
    last_write_checksum: sha1:0ca31459b99f761fcc6d0557a0a38daac4ad50f4
  src/my_sdk/utils/headers.py:
    last_write_checksum: sha1:7c6df233ee006332b566a8afa9ce9a245941d935
  src/my_sdk/utils/logger.py:
    last_write_checksum: sha1:f3fdb154a3f09b8cc43d74c7e9c02f899f8086e4
  src/my_sdk/utils/metadata.py:
    last_write_checksum: sha1:e703e5cbb5255144aacf86898d1420529afaaff8
  src/my_sdk/utils/queryparams.py:
    last_write_checksum: sha1:b94c3f314fd3da0d1d215afc2731f48748e2aa59
  src/my_sdk/utils/requestbodies.py:
    last_write_checksum: sha1:41e2d2d2d3ecc394c8122ca4d4b85e1c3e03f054
  src/my_sdk/utils/retries.py:
    last_write_checksum: sha1:471372f5c5d1dd5583239c9cf3c75f1b636e5d87
  src/my_sdk/utils/security.py:
    last_write_checksum: sha1:c11eef495b6aaa249178c24c796940cc540b7a00
  src/my_sdk/utils/serializers.py:
    last_write_checksum: sha1:61009f2e4ef6613a1a5af813fe020373dae5a492
  src/my_sdk/utils/unmarshal_json_response.py:
    last_write_checksum: sha1:f5cd17e33fe70c10630c960fc2b79681db9fbc20
  src/my_sdk/utils/url.py:
    last_write_checksum: sha1:6479961baa90432ca25626f8e40a7bbc32e73b41
  src/my_sdk/utils/values.py:
    last_write_checksum: sha1:acaa178a7c41ddd000f58cc691e4632d925b2553
examples:
  getHello:
    speakeasy-default-get-hello:
      responses:
        "200":
          application/json: {}
examplesVersion: 1.0.2
