lockVersion: 2.0.0
id: 166822d4-1d24-4a61-aefe-8c3f2b6fa9a6
management:
  docChecksum: 0934d4dc8af45b63f8aad82670ed247d
  docVersion: 1.0.0
  speakeasyVersion: 1.763.4
  generationVersion: 2.884.11
  releaseVersion: 0.0.1
  configChecksum: eb75688128847f83642cbe00c4bc159c
features:
  python:
    additionalDependencies: 1.0.0
    core: 6.0.22
    defaultEnabledRetries: 0.2.0
    envVarSecurityUsage: 0.3.3
    flattening: 3.1.1
    globalSecurityCallbacks: 1.0.0
    globalServerURLs: 3.2.1
    methodArguments: 1.0.2
    pagination: 3.0.10
    responseFormat: 1.1.0
    retries: 3.0.5
    sdkHooks: 1.2.1
trackedFiles:
  .gitattributes:
    last_write_checksum: sha1:53134de3ada576f37c22276901e1b5b6d85cd2da
  .vscode/settings.json:
    last_write_checksum: sha1:f84632c81029fcdda8c3b0c768d02b836fc80526
  USAGE.md:
    last_write_checksum: sha1:2607b9e7938b9a1a51a0132c51c2283c5ef107b2
  docs/models/getitemsrequest.md:
    last_write_checksum: sha1:2c2ea0e58644c36788110e78299fd9a9d262821f
  docs/models/getitemsresponse.md:
    last_write_checksum: sha1:f8a4560957d783b477de1b0aa0ed3e5d9311ef8f
  docs/models/getitemsresponsebody.md:
    last_write_checksum: sha1:0a1286ec4a3924be5ac26dc37fad6763a892880b
  docs/models/utils/retryconfig.md:
    last_write_checksum: sha1:562c0f21e308ad10c27f85f75704c15592c6929d
  docs/sdks/sdk/README.md:
    last_write_checksum: sha1:85e8c9f4525b1240cff00021cae1e1af0fbe93f5
  py.typed:
    last_write_checksum: sha1:8efc425ffe830805ffcc0f3055871bdcdc542c60
  pylintrc:
    last_write_checksum: sha1:35cbd4f716dea20801871e7752bf6b72a5cb3827
  pyproject.toml:
    last_write_checksum: sha1:e6fd8438e0e9b59c0f3709f9fb9f5d575ba57433
  scripts/publish.sh:
    last_write_checksum: sha1:adc9b741c12ad1591ab4870eabe20f0d0a86cd1a
  src/openapi/__init__.py:
    last_write_checksum: sha1:da077c0bdfcef64a4a5aea91a17292f72fa2b088
  src/openapi/_hooks/__init__.py:
    last_write_checksum: sha1:45a380490e968d8d95994dd97554ac60eeb6ae60
  src/openapi/_hooks/sdkhooks.py:
    last_write_checksum: sha1:0aff3bdbf75a510a408860371888ecea40a629e0
  src/openapi/_hooks/types.py:
    last_write_checksum: sha1:aaa420a43a875af8913a57482abd994daab2380c
  src/openapi/_version.py:
    last_write_checksum: sha1:92337f013815d7b4735ffa92c50e02fa5eadb893
  src/openapi/basesdk.py:
    last_write_checksum: sha1:1e1fe13d74efb38ea44c9c7e6227d83ea1ba9927
  src/openapi/errors/__init__.py:
    last_write_checksum: sha1:3867ae520e5455c684d0f1347f15e6e6cc073dc4
  src/openapi/errors/no_response_error.py:
    last_write_checksum: sha1:7f326424a7d5ae1bcd5c89a0d6b3dbda9138942f
  src/openapi/errors/responsevalidationerror.py:
    last_write_checksum: sha1:353913f9fef3e3cf05bf65a4229870adbc56336a
  src/openapi/errors/sdkdefaulterror.py:
    last_write_checksum: sha1:8340781f3add6c04a4eab804fcdde090b9b7409b
  src/openapi/errors/sdkerror.py:
    last_write_checksum: sha1:64a913063ad8d0ad31b1013fe6523221ca38c51f
  src/openapi/httpclient.py:
    last_write_checksum: sha1:5e55338d6ee9f01ab648cad4380201a8a3da7dd7
  src/openapi/models/__init__.py:
    last_write_checksum: sha1:697ef459c467234973ce463ef9d1c405fe180169
  src/openapi/models/getitemsop.py:
    last_write_checksum: sha1:62d9b7fe9358a0933bf38009e70f82f6319352f2
  src/openapi/py.typed:
    last_write_checksum: sha1:8efc425ffe830805ffcc0f3055871bdcdc542c60
  src/openapi/sdk.py:
    last_write_checksum: sha1:82a46cf0c5893c2143975c1febcfa9e4a2d68b2f
  src/openapi/sdkconfiguration.py:
    last_write_checksum: sha1:621df05e77eb525e0d45787080fec697a77d09e4
  src/openapi/types/__init__.py:
    last_write_checksum: sha1:140ebdd01a46f92ffc710c52c958c4eba3cf68ed
  src/openapi/types/basemodel.py:
    last_write_checksum: sha1:10d84aedeb9d35edfdadf2c3020caa1d24d8b584
  src/openapi/utils/__init__.py:
    last_write_checksum: sha1:1970816f2234ecb8785798240b0edced961de971
  src/openapi/utils/annotations.py:
    last_write_checksum: sha1:a4824ad65f730303e4e1e3ec1febf87b4eb46dbc
  src/openapi/utils/datetimes.py:
    last_write_checksum: sha1:c721e4123000e7dc61ec52b28a739439d9e17341
  src/openapi/utils/dynamic_imports.py:
    last_write_checksum: sha1:a1940c63feb8eddfd8026de53384baf5056d5dcc
  src/openapi/utils/enums.py:
    last_write_checksum: sha1:bc8c3c1285ae09ba8a094ee5c3d9c7f41fa1284d
  src/openapi/utils/eventstreaming.py:
    last_write_checksum: sha1:620d78a8b4e3b854e08d136e02e40a01a786bd70
  src/openapi/utils/forms.py:
    last_write_checksum: sha1:0ca31459b99f761fcc6d0557a0a38daac4ad50f4
  src/openapi/utils/headers.py:
    last_write_checksum: sha1:7c6df233ee006332b566a8afa9ce9a245941d935
  src/openapi/utils/logger.py:
    last_write_checksum: sha1:f3fdb154a3f09b8cc43d74c7e9c02f899f8086e4
  src/openapi/utils/metadata.py:
    last_write_checksum: sha1:e703e5cbb5255144aacf86898d1420529afaaff8
  src/openapi/utils/queryparams.py:
    last_write_checksum: sha1:b94c3f314fd3da0d1d215afc2731f48748e2aa59
  src/openapi/utils/requestbodies.py:
    last_write_checksum: sha1:41e2d2d2d3ecc394c8122ca4d4b85e1c3e03f054
  src/openapi/utils/retries.py:
    last_write_checksum: sha1:471372f5c5d1dd5583239c9cf3c75f1b636e5d87
  src/openapi/utils/security.py:
    last_write_checksum: sha1:c11eef495b6aaa249178c24c796940cc540b7a00
  src/openapi/utils/serializers.py:
    last_write_checksum: sha1:61009f2e4ef6613a1a5af813fe020373dae5a492
  src/openapi/utils/unmarshal_json_response.py:
    last_write_checksum: sha1:f1ed79fcd687eb6f939fef948d0545a1ab8ab8f0
  src/openapi/utils/url.py:
    last_write_checksum: sha1:6479961baa90432ca25626f8e40a7bbc32e73b41
  src/openapi/utils/values.py:
    last_write_checksum: sha1:acaa178a7c41ddd000f58cc691e4632d925b2553
examples:
  getItems:
    speakeasy-default-get-items:
      parameters:
        query:
          page: 327366
      responses:
        "200":
          application/json: {"data": ["<value 1>"]}
examplesVersion: 1.0.2
