speakeasyVersion: 1.763.4
sources:
    my-source:
        sourceNamespace: my-source
        sourceRevisionDigest: sha256:b2443017f21ccc16d50d458dcca00afe7bdfd1226e361fcce8277d6740aa888e
        sourceBlobDigest: sha256:d3f5feef23280aeeb02bff23476c4a5d2bcd6567474ecdcfaae9f81532463aac
        tags:
            - latest
            - 1.0.0
targets:
    my-target:
        source: my-source
        sourceNamespace: my-source
        sourceRevisionDigest: sha256:b2443017f21ccc16d50d458dcca00afe7bdfd1226e361fcce8277d6740aa888e
        sourceBlobDigest: sha256:d3f5feef23280aeeb02bff23476c4a5d2bcd6567474ecdcfaae9f81532463aac
workflow:
    workflowVersion: 1.0.0
    speakeasyVersion: latest
    sources:
        my-source:
            inputs:
                - location: openapi.yaml
            registry:
                location: registry.speakeasyapi.dev/kw/kw/my-source
    targets:
        my-target:
            target: python
            source: my-source
            output: .
